
Microsoft Visual Studio Solution File, Format Version 12.00
# Visual Studio Version 16
VisualStudioVersion = 16.0.29509.3
MinimumVisualStudioVersion = 10.0.40219.1
Project("{FAE04EC0-301F-11D3-BF4B-00C04F79EFBC}") = "CacheLibrary", "CacheLibrary\CacheLibrary.csproj", "{D38EB951-29C3-4409-99B8-0902A76B3A98}"
EndProject
Project("{FAE04EC0-301F-11D3-BF4B-00C04F79EFBC}") = "WindowsFormsAppCache", "WindowsFormsAppCache\WindowsFormsAppCache.csproj", "{B4B8C56F-358A-4482-BCFD-02193E1065A9}"
EndProject
Global
	GlobalSection(SolutionConfigurationPlatforms) = preSolution
		Debug|Any CPU = Debug|Any CPU
		Release|Any CPU = Release|Any CPU
	EndGlobalSection
	GlobalSection(ProjectConfigurationPlatforms) = postSolution
		{D38EB951-29C3-4409-99B8-0902A76B3A98}.Debug|Any CPU.ActiveCfg = Debug|Any CPU
		{D38EB951-29C3-4409-99B8-0902A76B3A98}.Debug|Any CPU.Build.0 = Debug|Any CPU
		{D38EB951-29C3-4409-99B8-0902A76B3A98}.Release|Any CPU.ActiveCfg = Release|Any CPU
		{D38EB951-29C3-4409-99B8-0902A76B3A98}.Release|Any CPU.Build.0 = Release|Any CPU
		{B4B8C56F-358A-4482-BCFD-02193E1065A9}.Debug|Any CPU.ActiveCfg = Debug|Any CPU
		{B4B8C56F-358A-4482-BCFD-02193E1065A9}.Debug|Any CPU.Build.0 = Debug|Any CPU
		{B4B8C56F-358A-4482-BCFD-02193E1065A9}.Release|Any CPU.ActiveCfg = Release|Any CPU
		{B4B8C56F-358A-4482-BCFD-02193E1065A9}.Release|Any CPU.Build.0 = Release|Any CPU
	EndGlobalSection
	GlobalSection(SolutionProperties) = preSolution
		HideSolutionNode = FALSE
	EndGlobalSection
	GlobalSection(ExtensibilityGlobals) = postSolution
		SolutionGuid = {4EF101D2-041D-4B0D-B988-60FD4A2921E3}
	EndGlobalSection
EndGlobal
